// !$*UTF8*$!
{
	archiveVersion = 1;
	classes = {
	};
	objectVersion = 50;
	objects = {

/* Begin PBXBuildFile section */
		476C01E92161C76E00A079ED /* AppDelegate.swift in Sources */ = {isa = PBXBuildFile; fileRef = 476C01E82161C76E00A079ED /* AppDelegate.swift */; };
		476C01EE2161C76E00A079ED /* Main.storyboard in Resources */ = {isa = PBXBuildFile; fileRef = 476C01EC2161C76E00A079ED /* Main.storyboard */; };
		476C01F02161C76F00A079ED /* Assets.xcassets in Resources */ = {isa = PBXBuildFile; fileRef = 476C01EF2161C76F00A079ED /* Assets.xcassets */; };
		476C01F32161C76F00A079ED /* LaunchScreen.storyboard in Resources */ = {isa = PBXBuildFile; fileRef = 476C01F12161C76F00A079ED /* LaunchScreen.storyboard */; };
		47B708082195CCB100431A13 /* Bicycle_Pedaling.mp3 in Resources */ = {isa = PBXBuildFile; fileRef = 47B707FA2195CCB100431A13 /* Bicycle_Pedaling.mp3 */; };
		47B708092195CCB100431A13 /* Siren_Whistle.mp3 in Resources */ = {isa = PBXBuildFile; fileRef = 47B707FB2195CCB100431A13 /* Siren_Whistle.mp3 */; };
		47B7080A2195CCB100431A13 /* Hitting_a_Woodblock.mp3 in Resources */ = {isa = PBXBuildFile; fileRef = 47B707FC2195CCB100431A13 /* Hitting_a_Woodblock.mp3 */; };
		47B7080B2195CCB100431A13 /* Mechanical_Clock_Ring.mp3 in Resources */ = {isa = PBXBuildFile; fileRef = 47B707FD2195CCB100431A13 /* Mechanical_Clock_Ring.mp3 */; };
		47B7080C2195CCB100431A13 /* Metal_Strike.mp3 in Resources */ = {isa = PBXBuildFile; fileRef = 47B707FE2195CCB100431A13 /* Metal_Strike.mp3 */; };
		47B7080D2195CCB100431A13 /* Digital_Watch_Alarm_Long.mp3 in Resources */ = {isa = PBXBuildFile; fileRef = 47B707FF2195CCB100431A13 /* Digital_Watch_Alarm_Long.mp3 */; };
		47B7080E2195CCB100431A13 /* Clown_Horn.mp3 in Resources */ = {isa = PBXBuildFile; fileRef = 47B708002195CCB100431A13 /* Clown_Horn.mp3 */; };
		47B7080F2195CCB100431A13 /* Cowbell_Ringing.mp3 in Resources */ = {isa = PBXBuildFile; fileRef = 47B708012195CCB100431A13 /* Cowbell_Ringing.mp3 */; };
		47B708102195CCB100431A13 /* Falling_whistle.mp3 in Resources */ = {isa = PBXBuildFile; fileRef = 47B708022195CCB100431A13 /* Falling_whistle.mp3 */; };
		47B708112195CCB100431A13 /* Jingle_Bells.mp3 in Resources */ = {isa = PBXBuildFile; fileRef = 47B708032195CCB100431A13 /* Jingle_Bells.mp3 */; };
		47B708122195CCB100431A13 /* Dinner_Bell_Triangle.mp3 in Resources */ = {isa = PBXBuildFile; fileRef = 47B708042195CCB100431A13 /* Dinner_Bell_Triangle.mp3 */; };
		47B708142195CCB100431A13 /* Spaceship_Alarm.mp3 in Resources */ = {isa = PBXBuildFile; fileRef = 47B708062195CCB100431A13 /* Spaceship_Alarm.mp3 */; };
		47B708152195CCB100431A13 /* Crash_Layer_Drumset.mp3 in Resources */ = {isa = PBXBuildFile; fileRef = 47B708072195CCB100431A13 /* Crash_Layer_Drumset.mp3 */; };
		47B708172195D08700431A13 /* Bell.mp3 in Resources */ = {isa = PBXBuildFile; fileRef = 47B708162195D08700431A13 /* Bell.mp3 */; };
		47D68AEA2183497400F59311 /* MediaTableViewController.swift in Sources */ = {isa = PBXBuildFile; fileRef = 47D68AE92183497400F59311 /* MediaTableViewController.swift */; };
		47FA9C5F21663E470056B8CE /* SetAlarmTableViewController.swift in Sources */ = {isa = PBXBuildFile; fileRef = 47FA9C5E21663E470056B8CE /* SetAlarmTableViewController.swift */; };
		47FA9C612166419B0056B8CE /* AlarmsTableViewController.swift in Sources */ = {isa = PBXBuildFile; fileRef = 47FA9C602166419B0056B8CE /* AlarmsTableViewController.swift */; };
		47FA9C63216643490056B8CE /* AlarmModel.swift in Sources */ = {isa = PBXBuildFile; fileRef = 47FA9C62216643490056B8CE /* AlarmModel.swift */; };
		47FA9C65216643AB0056B8CE /* AlarmCell.swift in Sources */ = {isa = PBXBuildFile; fileRef = 47FA9C64216643AB0056B8CE /* AlarmCell.swift */; };
		47FA9CE72168F49D0056B8CE /* AddSetAlarmViewController.swift in Sources */ = {isa = PBXBuildFile; fileRef = 47FA9CE62168F49D0056B8CE /* AddSetAlarmViewController.swift */; };
		47FA9CEA2168FB740056B8CE /* Identifier.swift in Sources */ = {isa = PBXBuildFile; fileRef = 47FA9CE92168FB740056B8CE /* Identifier.swift */; };
		47FA9CED216A03B10056B8CE /* AddEditAlarmViewController.swift in Sources */ = {isa = PBXBuildFile; fileRef = 47FA9CEC216A03B10056B8CE /* AddEditAlarmViewController.swift */; };
		47FA9CF1216A27670056B8CE /* SegueInfo.swift in Sources */ = {isa = PBXBuildFile; fileRef = 47FA9CF0216A27670056B8CE /* SegueInfo.swift */; };
		47FA9CF3216A68910056B8CE /* AddEditCell.swift in Sources */ = {isa = PBXBuildFile; fileRef = 47FA9CF2216A68910056B8CE /* AddEditCell.swift */; };
/* End PBXBuildFile section */

/* Begin PBXFileReference section */
		476C01E52161C76E00A079ED /* SetAlarm.app */ = {isa = PBXFileReference; explicitFileType = wrapper.application; includeInIndex = 0; path = SetAlarm.app; sourceTree = BUILT_PRODUCTS_DIR; };
		476C01E82161C76E00A079ED /* AppDelegate.swift */ = {isa = PBXFileReference; lastKnownFileType = sourcecode.swift; path = AppDelegate.swift; sourceTree = "<group>"; };
		476C01ED2161C76E00A079ED /* Base */ = {isa = PBXFileReference; lastKnownFileType = file.storyboard; name = Base; path = Base.lproj/Main.storyboard; sourceTree = "<group>"; };
		476C01EF2161C76F00A079ED /* Assets.xcassets */ = {isa = PBXFileReference; lastKnownFileType = folder.assetcatalog; path = Assets.xcassets; sourceTree = "<group>"; };
		476C01F22161C76F00A079ED /* Base */ = {isa = PBXFileReference; lastKnownFileType = file.storyboard; name = Base; path = Base.lproj/LaunchScreen.storyboard; sourceTree = "<group>"; };
		476C01F42161C76F00A079ED /* Info.plist */ = {isa = PBXFileReference; lastKnownFileType = text.plist.xml; path = Info.plist; sourceTree = "<group>"; };
		47B707FA2195CCB100431A13 /* Bicycle_Pedaling.mp3 */ = {isa = PBXFileReference; lastKnownFileType = audio.mp3; path = Bicycle_Pedaling.mp3; sourceTree = "<group>"; };
		47B707FB2195CCB100431A13 /* Siren_Whistle.mp3 */ = {isa = PBXFileReference; lastKnownFileType = audio.mp3; path = Siren_Whistle.mp3; sourceTree = "<group>"; };
		47B707FC2195CCB100431A13 /* Hitting_a_Woodblock.mp3 */ = {isa = PBXFileReference; lastKnownFileType = audio.mp3; path = Hitting_a_Woodblock.mp3; sourceTree = "<group>"; };
		47B707FD2195CCB100431A13 /* Mechanical_Clock_Ring.mp3 */ = {isa = PBXFileReference; lastKnownFileType = audio.mp3; path = Mechanical_Clock_Ring.mp3; sourceTree = "<group>"; };
		47B707FE2195CCB100431A13 /* Metal_Strike.mp3 */ = {isa = PBXFileReference; lastKnownFileType = audio.mp3; path = Metal_Strike.mp3; sourceTree = "<group>"; };
		47B707FF2195CCB100431A13 /* Digital_Watch_Alarm_Long.mp3 */ = {isa = PBXFileReference; lastKnownFileType = audio.mp3; path = Digital_Watch_Alarm_Long.mp3; sourceTree = "<group>"; };
		47B708002195CCB100431A13 /* Clown_Horn.mp3 */ = {isa = PBXFileReference; lastKnownFileType = audio.mp3; path = Clown_Horn.mp3; sourceTree = "<group>"; };
		47B708012195CCB100431A13 /* Cowbell_Ringing.mp3 */ = {isa = PBXFileReference; lastKnownFileType = audio.mp3; path = Cowbell_Ringing.mp3; sourceTree = "<group>"; };
		47B708022195CCB100431A13 /* Falling_whistle.mp3 */ = {isa = PBXFileReference; lastKnownFileType = audio.mp3; path = Falling_whistle.mp3; sourceTree = "<group>"; };
		47B708032195CCB100431A13 /* Jingle_Bells.mp3 */ = {isa = PBXFileReference; lastKnownFileType = audio.mp3; path = Jingle_Bells.mp3; sourceTree = "<group>"; };
		47B708042195CCB100431A13 /* Dinner_Bell_Triangle.mp3 */ = {isa = PBXFileReference; lastKnownFileType = audio.mp3; path = Dinner_Bell_Triangle.mp3; sourceTree = "<group>"; };
		47B708062195CCB100431A13 /* Spaceship_Alarm.mp3 */ = {isa = PBXFileReference; lastKnownFileType = audio.mp3; path = Spaceship_Alarm.mp3; sourceTree = "<group>"; };
		47B708072195CCB100431A13 /* Crash_Layer_Drumset.mp3 */ = {isa = PBXFileReference; lastKnownFileType = audio.mp3; path = Crash_Layer_Drumset.mp3; sourceTree = "<group>"; };
		47B708162195D08700431A13 /* Bell.mp3 */ = {isa = PBXFileReference; lastKnownFileType = audio.mp3; path = Bell.mp3; sourceTree = "<group>"; };
		47D68AE92183497400F59311 /* MediaTableViewController.swift */ = {isa = PBXFileReference; lastKnownFileType = sourcecode.swift; path = MediaTableViewController.swift; sourceTree = "<group>"; };
		47FA9C5E21663E470056B8CE /* SetAlarmTableViewController.swift */ = {isa = PBXFileReference; lastKnownFileType = sourcecode.swift; path = SetAlarmTableViewController.swift; sourceTree = "<group>"; };
		47FA9C602166419B0056B8CE /* AlarmsTableViewController.swift */ = {isa = PBXFileReference; lastKnownFileType = sourcecode.swift; path = AlarmsTableViewController.swift; sourceTree = "<group>"; };
		47FA9C62216643490056B8CE /* AlarmModel.swift */ = {isa = PBXFileReference; lastKnownFileType = sourcecode.swift; path = AlarmModel.swift; sourceTree = "<group>"; };
		47FA9C64216643AB0056B8CE /* AlarmCell.swift */ = {isa = PBXFileReference; lastKnownFileType = sourcecode.swift; path = AlarmCell.swift; sourceTree = "<group>"; };
		47FA9CE62168F49D0056B8CE /* AddSetAlarmViewController.swift */ = {isa = PBXFileReference; lastKnownFileType = sourcecode.swift; path = AddSetAlarmViewController.swift; sourceTree = "<group>"; };
		47FA9CE92168FB740056B8CE /* Identifier.swift */ = {isa = PBXFileReference; lastKnownFileType = sourcecode.swift; path = Identifier.swift; sourceTree = "<group>"; };
		47FA9CEC216A03B10056B8CE /* AddEditAlarmViewController.swift */ = {isa = PBXFileReference; lastKnownFileType = sourcecode.swift; path = AddEditAlarmViewController.swift; sourceTree = "<group>"; };
		47FA9CF0216A27670056B8CE /* SegueInfo.swift */ = {isa = PBXFileReference; lastKnownFileType = sourcecode.swift; path = SegueInfo.swift; sourceTree = "<group>"; };
		47FA9CF2216A68910056B8CE /* AddEditCell.swift */ = {isa = PBXFileReference; lastKnownFileType = sourcecode.swift; path = AddEditCell.swift; sourceTree = "<group>"; };
/* End PBXFileReference section */

/* Begin PBXFrameworksBuildPhase section */
		476C01E22161C76E00A079ED /* Frameworks */ = {
			isa = PBXFrameworksBuildPhase;
			buildActionMask = 2147483647;
			files = (
			);
			runOnlyForDeploymentPostprocessing = 0;
		};
/* End PBXFrameworksBuildPhase section */

/* Begin PBXGroup section */
		476C01DC2161C76E00A079ED = {
			isa = PBXGroup;
			children = (
				476C01E72161C76E00A079ED /* SetAlarm */,
				476C01E62161C76E00A079ED /* Products */,
			);
			sourceTree = "<group>";
		};
		476C01E62161C76E00A079ED /* Products */ = {
			isa = PBXGroup;
			children = (
				476C01E52161C76E00A079ED /* SetAlarm.app */,
			);
			name = Products;
			sourceTree = "<group>";
		};
		476C01E72161C76E00A079ED /* SetAlarm */ = {
			isa = PBXGroup;
			children = (
				47B707F92195CCB100431A13 /* Bell */,
				47FA9CE82168FB3C0056B8CE /* Helper */,
				47FA9C6621664B1F0056B8CE /* Protocol */,
				47FA9C5D21663E240056B8CE /* Controller */,
				47FA9C5C21663E150056B8CE /* Model */,
				476C01E82161C76E00A079ED /* AppDelegate.swift */,
				476C01EC2161C76E00A079ED /* Main.storyboard */,
				476C01EF2161C76F00A079ED /* Assets.xcassets */,
				476C01F12161C76F00A079ED /* LaunchScreen.storyboard */,
				476C01F42161C76F00A079ED /* Info.plist */,
			);
			path = SetAlarm;
			sourceTree = "<group>";
		};
		47B707F92195CCB100431A13 /* Bell */ = {
			isa = PBXGroup;
			children = (
				47B707FA2195CCB100431A13 /* Bicycle_Pedaling.mp3 */,
				47B707FB2195CCB100431A13 /* Siren_Whistle.mp3 */,
				47B707FC2195CCB100431A13 /* Hitting_a_Woodblock.mp3 */,
				47B707FD2195CCB100431A13 /* Mechanical_Clock_Ring.mp3 */,
				47B707FE2195CCB100431A13 /* Metal_Strike.mp3 */,
				47B707FF2195CCB100431A13 /* Digital_Watch_Alarm_Long.mp3 */,
				47B708002195CCB100431A13 /* Clown_Horn.mp3 */,
				47B708012195CCB100431A13 /* Cowbell_Ringing.mp3 */,
				47B708022195CCB100431A13 /* Falling_whistle.mp3 */,
				47B708162195D08700431A13 /* Bell.mp3 */,
				47B708032195CCB100431A13 /* Jingle_Bells.mp3 */,
				47B708042195CCB100431A13 /* Dinner_Bell_Triangle.mp3 */,
				47B708062195CCB100431A13 /* Spaceship_Alarm.mp3 */,
				47B708072195CCB100431A13 /* Crash_Layer_Drumset.mp3 */,
			);
			path = Bell;
			sourceTree = "<group>";
		};
		47FA9C5C21663E150056B8CE /* Model */ = {
			isa = PBXGroup;
			children = (
				47FA9C62216643490056B8CE /* AlarmModel.swift */,
				47FA9C64216643AB0056B8CE /* AlarmCell.swift */,
				47FA9CF0216A27670056B8CE /* SegueInfo.swift */,
				47FA9CF2216A68910056B8CE /* AddEditCell.swift */,
			);
			path = Model;
			sourceTree = "<group>";
		};
		47FA9C5D21663E240056B8CE /* Controller */ = {
			isa = PBXGroup;
			children = (
				47FA9C5E21663E470056B8CE /* SetAlarmTableViewController.swift */,
				47FA9CE62168F49D0056B8CE /* AddSetAlarmViewController.swift */,
				47FA9C602166419B0056B8CE /* AlarmsTableViewController.swift */,
				47FA9CEC216A03B10056B8CE /* AddEditAlarmViewController.swift */,
				47D68AE92183497400F59311 /* MediaTableViewController.swift */,
			);
			path = Controller;
			sourceTree = "<group>";
		};
		47FA9C6621664B1F0056B8CE /* Protocol */ = {
			isa = PBXGroup;
			children = (
			);
			path = Protocol;
			sourceTree = "<group>";
		};
		47FA9CE82168FB3C0056B8CE /* Helper */ = {
			isa = PBXGroup;
			children = (
				47FA9CE92168FB740056B8CE /* Identifier.swift */,
			);
			path = Helper;
			sourceTree = "<group>";
		};
/* End PBXGroup section */

/* Begin PBXNativeTarget section */
		476C01E42161C76E00A079ED /* SetAlarm */ = {
			isa = PBXNativeTarget;
			buildConfigurationList = 476C01F72161C76F00A079ED /* Build configuration list for PBXNativeTarget "SetAlarm" */;
			buildPhases = (
				476C01E12161C76E00A079ED /* Sources */,
				476C01E22161C76E00A079ED /* Frameworks */,
				476C01E32161C76E00A079ED /* Resources */,
			);
			buildRules = (
			);
			dependencies = (
			);
			name = SetAlarm;
			productName = SetAlarm;
			productReference = 476C01E52161C76E00A079ED /* SetAlarm.app */;
			productType = "com.apple.product-type.application";
		};
/* End PBXNativeTarget section */

/* Begin PBXProject section */
		476C01DD2161C76E00A079ED /* Project object */ = {
			isa = PBXProject;
			attributes = {
				LastSwiftUpdateCheck = 0940;
				LastUpgradeCheck = 0940;
				ORGANIZATIONNAME = Walter;
				TargetAttributes = {
					476C01E42161C76E00A079ED = {
						CreatedOnToolsVersion = 9.4.1;
					};
				};
			};
			buildConfigurationList = 476C01E02161C76E00A079ED /* Build configuration list for PBXProject "SetAlarm" */;
			compatibilityVersion = "Xcode 9.3";
			developmentRegion = en;
			hasScannedForEncodings = 0;
			knownRegions = (
				en,
				Base,
			);
			mainGroup = 476C01DC2161C76E00A079ED;
			productRefGroup = 476C01E62161C76E00A079ED /* Products */;
			projectDirPath = "";
			projectRoot = "";
			targets = (
				476C01E42161C76E00A079ED /* SetAlarm */,
			);
		};
/* End PBXProject section */

/* Begin PBXResourcesBuildPhase section */
		476C01E32161C76E00A079ED /* Resources */ = {
			isa = PBXResourcesBuildPhase;
			buildActionMask = 2147483647;
			files = (
				476C01F32161C76F00A079ED /* LaunchScreen.storyboard in Resources */,
				47B7080E2195CCB100431A13 /* Clown_Horn.mp3 in Resources */,
				47B708172195D08700431A13 /* Bell.mp3 in Resources */,
				47B708142195CCB100431A13 /* Spaceship_Alarm.mp3 in Resources */,
				476C01F02161C76F00A079ED /* Assets.xcassets in Resources */,
				47B708112195CCB100431A13 /* Jingle_Bells.mp3 in Resources */,
				47B708122195CCB100431A13 /* Dinner_Bell_Triangle.mp3 in Resources */,
				47B7080D2195CCB100431A13 /* Digital_Watch_Alarm_Long.mp3 in Resources */,
				47B708092195CCB100431A13 /* Siren_Whistle.mp3 in Resources */,
				47B708102195CCB100431A13 /* Falling_whistle.mp3 in Resources */,
				476C01EE2161C76E00A079ED /* Main.storyboard in Resources */,
				47B7080C2195CCB100431A13 /* Metal_Strike.mp3 in Resources */,
				47B708152195CCB100431A13 /* Crash_Layer_Drumset.mp3 in Resources */,
				47B7080A2195CCB100431A13 /* Hitting_a_Woodblock.mp3 in Resources */,
				47B7080B2195CCB100431A13 /* Mechanical_Clock_Ring.mp3 in Resources */,
				47B7080F2195CCB100431A13 /* Cowbell_Ringing.mp3 in Resources */,
				47B708082195CCB100431A13 /* Bicycle_Pedaling.mp3 in Resources */,
			);
			runOnlyForDeploymentPostprocessing = 0;
		};
/* End PBXResourcesBuildPhase section */

/* Begin PBXSourcesBuildPhase section */
		476C01E12161C76E00A079ED /* Sources */ = {
			isa = PBXSourcesBuildPhase;
			buildActionMask = 2147483647;
			files = (
				47FA9C65216643AB0056B8CE /* AlarmCell.swift in Sources */,
				47FA9C5F21663E470056B8CE /* SetAlarmTableViewController.swift in Sources */,
				47FA9CF3216A68910056B8CE /* AddEditCell.swift in Sources */,
				47D68AEA2183497400F59311 /* MediaTableViewController.swift in Sources */,
				47FA9CE72168F49D0056B8CE /* AddSetAlarmViewController.swift in Sources */,
				47FA9CED216A03B10056B8CE /* AddEditAlarmViewController.swift in Sources */,
				47FA9CF1216A27670056B8CE /* SegueInfo.swift in Sources */,
				47FA9C63216643490056B8CE /* AlarmModel.swift in Sources */,
				47FA9C612166419B0056B8CE /* AlarmsTableViewController.swift in Sources */,
				47FA9CEA2168FB740056B8CE /* Identifier.swift in Sources */,
				476C01E92161C76E00A079ED /* AppDelegate.swift in Sources */,
			);
			runOnlyForDeploymentPostprocessing = 0;
		};
/* End PBXSourcesBuildPhase section */

/* Begin PBXVariantGroup section */
		476C01EC2161C76E00A079ED /* Main.storyboard */ = {
			isa = PBXVariantGroup;
			children = (
				476C01ED2161C76E00A079ED /* Base */,
			);
			name = Main.storyboard;
			sourceTree = "<group>";
		};
		476C01F12161C76F00A079ED /* LaunchScreen.storyboard */ = {
			isa = PBXVariantGroup;
			children = (
				476C01F22161C76F00A079ED /* Base */,
			);
			name = LaunchScreen.storyboard;
			sourceTree = "<group>";
		};
/* End PBXVariantGroup section */

/* Begin XCBuildConfiguration section */
		476C01F52161C76F00A079ED /* Debug */ = {
			isa = XCBuildConfiguration;
			buildSettings = {
				ALWAYS_SEARCH_USER_PATHS = NO;
				CLANG_ANALYZER_NONNULL = YES;
				CLANG_ANALYZER_NUMBER_OBJECT_CONVERSION = YES_AGGRESSIVE;
				CLANG_CXX_LANGUAGE_STANDARD = "gnu++14";
				CLANG_CXX_LIBRARY = "libc++";
				CLANG_ENABLE_MODULES = YES;
				CLANG_ENABLE_OBJC_ARC = YES;
				CLANG_ENABLE_OBJC_WEAK = YES;
				CLANG_WARN_BLOCK_CAPTURE_AUTORELEASING = YES;
				CLANG_WARN_BOOL_CONVERSION = YES;
				CLANG_WARN_COMMA = YES;
				CLANG_WARN_CONSTANT_CONVERSION = YES;
				CLANG_WARN_DEPRECATED_OBJC_IMPLEMENTATIONS = YES;
				CLANG_WARN_DIRECT_OBJC_ISA_USAGE = YES_ERROR;
				CLANG_WARN_DOCUMENTATION_COMMENTS = YES;
				CLANG_WARN_EMPTY_BODY = YES;
				CLANG_WARN_ENUM_CONVERSION = YES;
				CLANG_WARN_INFINITE_RECURSION = YES;
				CLANG_WARN_INT_CONVERSION = YES;
				CLANG_WARN_NON_LITERAL_NULL_CONVERSION = YES;
				CLANG_WARN_OBJC_IMPLICIT_RETAIN_SELF = YES;
				CLANG_WARN_OBJC_LITERAL_CONVERSION = YES;
				CLANG_WARN_OBJC_ROOT_CLASS = YES_ERROR;
				CLANG_WARN_RANGE_LOOP_ANALYSIS = YES;
				CLANG_WARN_STRICT_PROTOTYPES = YES;
				CLANG_WARN_SUSPICIOUS_MOVE = YES;
				CLANG_WARN_UNGUARDED_AVAILABILITY = YES_AGGRESSIVE;
				CLANG_WARN_UNREACHABLE_CODE = YES;
				CLANG_WARN__DUPLICATE_METHOD_MATCH = YES;
				CODE_SIGN_IDENTITY = "iPhone Developer";
				COPY_PHASE_STRIP = NO;
				DEBUG_INFORMATION_FORMAT = dwarf;
				ENABLE_STRICT_OBJC_MSGSEND = YES;
				ENABLE_TESTABILITY = YES;
				GCC_C_LANGUAGE_STANDARD = gnu11;
				GCC_DYNAMIC_NO_PIC = NO;
				GCC_NO_COMMON_BLOCKS = YES;
				GCC_OPTIMIZATION_LEVEL = 0;
				GCC_PREPROCESSOR_DEFINITIONS = (
					"DEBUG=1",
					"$(inherited)",
				);
				GCC_WARN_64_TO_32_BIT_CONVERSION = YES;
				GCC_WARN_ABOUT_RETURN_TYPE = YES_ERROR;
				GCC_WARN_UNDECLARED_SELECTOR = YES;
				GCC_WARN_UNINITIALIZED_AUTOS = YES_AGGRESSIVE;
				GCC_WARN_UNUSED_FUNCTION = YES;
				GCC_WARN_UNUSED_VARIABLE = YES;
				IPHONEOS_DEPLOYMENT_TARGET = 11.4;
				MTL_ENABLE_DEBUG_INFO = YES;
				ONLY_ACTIVE_ARCH = YES;
				SDKROOT = iphoneos;
				SWIFT_ACTIVE_COMPILATION_CONDITIONS = DEBUG;
				SWIFT_OPTIMIZATION_LEVEL = "-Onone";
			};
			name = Debug;
		};
		476C01F62161C76F00A079ED /* Release */ = {
			isa = XCBuildConfiguration;
			buildSettings = {
				ALWAYS_SEARCH_USER_PATHS = NO;
				CLANG_ANALYZER_NONNULL = YES;
				CLANG_ANALYZER_NUMBER_OBJECT_CONVERSION = YES_AGGRESSIVE;
				CLANG_CXX_LANGUAGE_STANDARD = "gnu++14";
				CLANG_CXX_LIBRARY = "libc++";
				CLANG_ENABLE_MODULES = YES;
				CLANG_ENABLE_OBJC_ARC = YES;
				CLANG_ENABLE_OBJC_WEAK = YES;
				CLANG_WARN_BLOCK_CAPTURE_AUTORELEASING = YES;
				CLANG_WARN_BOOL_CONVERSION = YES;
				CLANG_WARN_COMMA = YES;
				CLANG_WARN_CONSTANT_CONVERSION = YES;
				CLANG_WARN_DEPRECATED_OBJC_IMPLEMENTATIONS = YES;
				CLANG_WARN_DIRECT_OBJC_ISA_USAGE = YES_ERROR;
				CLANG_WARN_DOCUMENTATION_COMMENTS = YES;
				CLANG_WARN_EMPTY_BODY = YES;
				CLANG_WARN_ENUM_CONVERSION = YES;
				CLANG_WARN_INFINITE_RECURSION = YES;
				CLANG_WARN_INT_CONVERSION = YES;
				CLANG_WARN_NON_LITERAL_NULL_CONVERSION = YES;
				CLANG_WARN_OBJC_IMPLICIT_RETAIN_SELF = YES;
				CLANG_WARN_OBJC_LITERAL_CONVERSION = YES;
				CLANG_WARN_OBJC_ROOT_CLASS = YES_ERROR;
				CLANG_WARN_RANGE_LOOP_ANALYSIS = YES;
				CLANG_WARN_STRICT_PROTOTYPES = YES;
				CLANG_WARN_SUSPICIOUS_MOVE = YES;
				CLANG_WARN_UNGUARDED_AVAILABILITY = YES_AGGRESSIVE;
				CLANG_WARN_UNREACHABLE_CODE = YES;
				CLANG_WARN__DUPLICATE_METHOD_MATCH = YES;
				CODE_SIGN_IDENTITY = "iPhone Developer";
				COPY_PHASE_STRIP = NO;
				DEBUG_INFORMATION_FORMAT = "dwarf-with-dsym";
				ENABLE_NS_ASSERTIONS = NO;
				ENABLE_STRICT_OBJC_MSGSEND = YES;
				GCC_C_LANGUAGE_STANDARD = gnu11;
				GCC_NO_COMMON_BLOCKS = YES;
				GCC_WARN_64_TO_32_BIT_CONVERSION = YES;
				GCC_WARN_ABOUT_RETURN_TYPE = YES_ERROR;
				GCC_WARN_UNDECLARED_SELECTOR = YES;
				GCC_WARN_UNINITIALIZED_AUTOS = YES_AGGRESSIVE;
				GCC_WARN_UNUSED_FUNCTION = YES;
				GCC_WARN_UNUSED_VARIABLE = YES;
				IPHONEOS_DEPLOYMENT_TARGET = 11.4;
				MTL_ENABLE_DEBUG_INFO = NO;
				SDKROOT = iphoneos;
				SWIFT_COMPILATION_MODE = wholemodule;
				SWIFT_OPTIMIZATION_LEVEL = "-O";
				VALIDATE_PRODUCT = YES;
			};
			name = Release;
		};
		476C01F82161C76F00A079ED /* Debug */ = {
			isa = XCBuildConfiguration;
			buildSettings = {
				ASSETCATALOG_COMPILER_APPICON_NAME = AppIcon;
				CODE_SIGN_STYLE = Automatic;
				DEVELOPMENT_TEAM = 26VEWE4A84;
				INFOPLIST_FILE = SetAlarm/Info.plist;
				LD_RUNPATH_SEARCH_PATHS = (
					"$(inherited)",
					"@executable_path/Frameworks",
				);
				PRODUCT_BUNDLE_IDENTIFIER = com.walter.SetAlarm;
				PRODUCT_NAME = "$(TARGET_NAME)";
				SWIFT_VERSION = 4.0;
				TARGETED_DEVICE_FAMILY = "1,2";
			};
			name = Debug;
		};
		476C01F92161C76F00A079ED /* Release */ = {
			isa = XCBuildConfiguration;
			buildSettings = {
				ASSETCATALOG_COMPILER_APPICON_NAME = AppIcon;
				CODE_SIGN_STYLE = Automatic;
				DEVELOPMENT_TEAM = 26VEWE4A84;
				INFOPLIST_FILE = SetAlarm/Info.plist;
				LD_RUNPATH_SEARCH_PATHS = (
					"$(inherited)",
					"@executable_path/Frameworks",
				);
				PRODUCT_BUNDLE_IDENTIFIER = com.walter.SetAlarm;
				PRODUCT_NAME = "$(TARGET_NAME)";
				SWIFT_VERSION = 4.0;
				TARGETED_DEVICE_FAMILY = "1,2";
			};
			name = Release;
		};
/* End XCBuildConfiguration section */

/* Begin XCConfigurationList section */
		476C01E02161C76E00A079ED /* Build configuration list for PBXProject "SetAlarm" */ = {
			isa = XCConfigurationList;
			buildConfigurations = (
				476C01F52161C76F00A079ED /* Debug */,
				476C01F62161C76F00A079ED /* Release */,
			);
			defaultConfigurationIsVisible = 0;
			defaultConfigurationName = Release;
		};
		476C01F72161C76F00A079ED /* Build configuration list for PBXNativeTarget "SetAlarm" */ = {
			isa = XCConfigurationList;
			buildConfigurations = (
				476C01F82161C76F00A079ED /* Debug */,
				476C01F92161C76F00A079ED /* Release */,
			);
			defaultConfigurationIsVisible = 0;
			defaultConfigurationName = Release;
		};
/* End XCConfigurationList section */
	};
	rootObject = 476C01DD2161C76E00A079ED /* Project object */;
}
